// !$*UTF8*$!
{
	archiveVersion = 1;
	classes = {
	};
	objectVersion = 46;
	objects = {

/* Begin PBXBuildFile section */
		82D4DCA21787CDB8004780C3 /* Foundation.framework in Frameworks */ = {isa = PBXBuildFile; fileRef = 82D4DCA11787CDB8004780C3 /* Foundation.framework */; };
		82D4DCA41787CDB8004780C3 /* CoreGraphics.framework in Frameworks */ = {isa = PBXBuildFile; fileRef = 82D4DCA31787CDB8004780C3 /* CoreGraphics.framework */; };
		82D4DCA61787CDB8004780C3 /* UIKit.framework in Frameworks */ = {isa = PBXBuildFile; fileRef = 82D4DCA51787CDB8004780C3 /* UIKit.framework */; };
		82D4DCAC1787CDB8004780C3 /* InfoPlist.strings in Resources */ = {isa = PBXBuildFile; fileRef = 82D4DCAA1787CDB8004780C3 /* InfoPlist.strings */; };
		82D4DCAE1787CDB8004780C3 /* main.m in Sources */ = {isa = PBXBuildFile; fileRef = 82D4DCAD1787CDB8004780C3 /* main.m */; };
		82D4DCB21787CDB9004780C3 /* DJAppDelegate.m in Sources */ = {isa = PBXBuildFile; fileRef = 82D4DCB11787CDB9004780C3 /* DJAppDelegate.m */; };
		82D4DCB51787CDB9004780C3 /* Main.storyboard in Resources */ = {isa = PBXBuildFile; fileRef = 82D4DCB31787CDB9004780C3 /* Main.storyboard */; };
		82D4DCB81787CDB9004780C3 /* DJViewController.m in Sources */ = {isa = PBXBuildFile; fileRef = 82D4DCB71787CDB9004780C3 /* DJViewController.m */; };
		82D4DCBA1787CDB9004780C3 /* Images.xcassets in Resources */ = {isa = PBXBuildFile; fileRef = 82D4DCB91787CDB9004780C3 /* Images.xcassets */; };
		82D4DCC11787CDB9004780C3 /* XCTest.framework in Frameworks */ = {isa = PBXBuildFile; fileRef = 82D4DCC01787CDB9004780C3 /* XCTest.framework */; };
		82D4DCC21787CDB9004780C3 /* Foundation.framework in Frameworks */ = {isa = PBXBuildFile; fileRef = 82D4DCA11787CDB8004780C3 /* Foundation.framework */; };
		82D4DCC31787CDB9004780C3 /* UIKit.framework in Frameworks */ = {isa = PBXBuildFile; fileRef = 82D4DCA51787CDB8004780C3 /* UIKit.framework */; };
		82D4DCCB1787CDB9004780C3 /* InfoPlist.strings in Resources */ = {isa = PBXBuildFile; fileRef = 82D4DCC91787CDB9004780C3 /* InfoPlist.strings */; };
		82D4DCCD1787CDB9004780C3 /* MultiPeerTestTests.m in Sources */ = {isa = PBXBuildFile; fileRef = 82D4DCCC1787CDB9004780C3 /* MultiPeerTestTests.m */; };
		82D4DCD81787D044004780C3 /* MCNearbyHelper.m in Sources */ = {isa = PBXBuildFile; fileRef = 82D4DCD71787D041004780C3 /* MCNearbyHelper.m */; };
		DB5550941796224800EDB12A /* MultipeerConnectivity.framework in Frameworks */ = {isa = PBXBuildFile; fileRef = DB5550931796224800EDB12A /* MultipeerConnectivity.framework */; };
/* End PBXBuildFile section */

/* Begin PBXContainerItemProxy section */
		82D4DCC41787CDB9004780C3 /* PBXContainerItemProxy */ = {
			isa = PBXContainerItemProxy;
			containerPortal = 82D4DC961787CDB8004780C3 /* Project object */;
			proxyType = 1;
			remoteGlobalIDString = 82D4DC9D1787CDB8004780C3;
			remoteInfo = MultiPeerTest;
		};
/* End PBXContainerItemProxy section */

/* Begin PBXFileReference section */
		82D4DC9E1787CDB8004780C3 /* MultiPeerTest.app */ = {isa = PBXFileReference; explicitFileType = wrapper.application; includeInIndex = 0; path = MultiPeerTest.app; sourceTree = BUILT_PRODUCTS_DIR; };
		82D4DCA11787CDB8004780C3 /* Foundation.framework */ = {isa = PBXFileReference; lastKnownFileType = wrapper.framework; name = Foundation.framework; path = System/Library/Frameworks/Foundation.framework; sourceTree = SDKROOT; };
		82D4DCA31787CDB8004780C3 /* CoreGraphics.framework */ = {isa = PBXFileReference; lastKnownFileType = wrapper.framework; name = CoreGraphics.framework; path = System/Library/Frameworks/CoreGraphics.framework; sourceTree = SDKROOT; };
		82D4DCA51787CDB8004780C3 /* UIKit.framework */ = {isa = PBXFileReference; lastKnownFileType = wrapper.framework; name = UIKit.framework; path = System/Library/Frameworks/UIKit.framework; sourceTree = SDKROOT; };
		82D4DCA91787CDB8004780C3 /* MultiPeerTest-Info.plist */ = {isa = PBXFileReference; lastKnownFileType = text.plist.xml; path = "MultiPeerTest-Info.plist"; sourceTree = "<group>"; };
		82D4DCAB1787CDB8004780C3 /* en */ = {isa = PBXFileReference; lastKnownFileType = text.plist.strings; name = en; path = en.lproj/InfoPlist.strings; sourceTree = "<group>"; };
		82D4DCAD1787CDB8004780C3 /* main.m */ = {isa = PBXFileReference; lastKnownFileType = sourcecode.c.objc; path = main.m; sourceTree = "<group>"; };
		82D4DCAF1787CDB8004780C3 /* MultiPeerTest-Prefix.pch */ = {isa = PBXFileReference; lastKnownFileType = sourcecode.c.h; path = "MultiPeerTest-Prefix.pch"; sourceTree = "<group>"; };
		82D4DCB01787CDB9004780C3 /* DJAppDelegate.h */ = {isa = PBXFileReference; lastKnownFileType = sourcecode.c.h; path = DJAppDelegate.h; sourceTree = "<group>"; };
		82D4DCB11787CDB9004780C3 /* DJAppDelegate.m */ = {isa = PBXFileReference; lastKnownFileType = sourcecode.c.objc; path = DJAppDelegate.m; sourceTree = "<group>"; };
		82D4DCB41787CDB9004780C3 /* Base */ = {isa = PBXFileReference; lastKnownFileType = file.storyboard; name = Base; path = Base.lproj/Main.storyboard; sourceTree = "<group>"; };
		82D4DCB61787CDB9004780C3 /* DJViewController.h */ = {isa = PBXFileReference; lastKnownFileType = sourcecode.c.h; path = DJViewController.h; sourceTree = "<group>"; };
		82D4DCB71787CDB9004780C3 /* DJViewController.m */ = {isa = PBXFileReference; fileEncoding = 4; lastKnownFileType = sourcecode.c.objc; path = DJViewController.m; sourceTree = "<group>"; };
		82D4DCB91787CDB9004780C3 /* Images.xcassets */ = {isa = PBXFileReference; lastKnownFileType = folder.assetcatalog; path = Images.xcassets; sourceTree = "<group>"; };
		82D4DCBF1787CDB9004780C3 /* MultiPeerTestTests.xctest */ = {isa = PBXFileReference; explicitFileType = wrapper.cfbundle; includeInIndex = 0; path = MultiPeerTestTests.xctest; sourceTree = BUILT_PRODUCTS_DIR; };
		82D4DCC01787CDB9004780C3 /* XCTest.framework */ = {isa = PBXFileReference; lastKnownFileType = wrapper.framework; name = XCTest.framework; path = Library/Frameworks/XCTest.framework; sourceTree = DEVELOPER_DIR; };
		82D4DCC81787CDB9004780C3 /* MultiPeerTestTests-Info.plist */ = {isa = PBXFileReference; lastKnownFileType = text.plist.xml; path = "MultiPeerTestTests-Info.plist"; sourceTree = "<group>"; };
		82D4DCCA1787CDB9004780C3 /* en */ = {isa = PBXFileReference; lastKnownFileType = text.plist.strings; name = en; path = en.lproj/InfoPlist.strings; sourceTree = "<group>"; };
		82D4DCCC1787CDB9004780C3 /* MultiPeerTestTests.m */ = {isa = PBXFileReference; lastKnownFileType = sourcecode.c.objc; path = MultiPeerTestTests.m; sourceTree = "<group>"; };
		82D4DCD61787D041004780C3 /* MCNearbyHelper.h */ = {isa = PBXFileReference; lastKnownFileType = sourcecode.c.h; path = MCNearbyHelper.h; sourceTree = "<group>"; };
		82D4DCD71787D041004780C3 /* MCNearbyHelper.m */ = {isa = PBXFileReference; lastKnownFileType = sourcecode.c.objc; path = MCNearbyHelper.m; sourceTree = "<group>"; };
		DB5550931796224800EDB12A /* MultipeerConnectivity.framework */ = {isa = PBXFileReference; lastKnownFileType = wrapper.framework; name = MultipeerConnectivity.framework; path = System/Library/Frameworks/MultipeerConnectivity.framework; sourceTree = SDKROOT; };
		DB9A479F17960CA0000842F1 /* GreenStar.png */ = {isa = PBXFileReference; lastKnownFileType = image.png; path = GreenStar.png; sourceTree = "<group>"; };
/* End PBXFileReference section */

/* Begin PBXFrameworksBuildPhase section */
		82D4DC9B1787CDB8004780C3 /* Frameworks */ = {
			isa = PBXFrameworksBuildPhase;
			buildActionMask = 2147483647;
			files = (
				DB5550941796224800EDB12A /* MultipeerConnectivity.framework in Frameworks */,
				82D4DCA41787CDB8004780C3 /* CoreGraphics.framework in Frameworks */,
				82D4DCA61787CDB8004780C3 /* UIKit.framework in Frameworks */,
				82D4DCA21787CDB8004780C3 /* Foundation.framework in Frameworks */,
			);
			runOnlyForDeploymentPostprocessing = 0;
		};
		82D4DCBC1787CDB9004780C3 /* Frameworks */ = {
			isa = PBXFrameworksBuildPhase;
			buildActionMask = 2147483647;
			files = (
				82D4DCC11787CDB9004780C3 /* XCTest.framework in Frameworks */,
				82D4DCC31787CDB9004780C3 /* UIKit.framework in Frameworks */,
				82D4DCC21787CDB9004780C3 /* Foundation.framework in Frameworks */,
			);
			runOnlyForDeploymentPostprocessing = 0;
		};
/* End PBXFrameworksBuildPhase section */

/* Begin PBXGroup section */
		821513F8178D13BC005850CE /* iPad */ = {
			isa = PBXGroup;
			children = (
			);
			name = iPad;
			sourceTree = "<group>";
		};
		82D4DC951787CDB8004780C3 = {
			isa = PBXGroup;
			children = (
				DB9A479F17960CA0000842F1 /* GreenStar.png */,
				82D4DCA71787CDB8004780C3 /* MultiPeerTest */,
				82D4DCC61787CDB9004780C3 /* MultiPeerTestTests */,
				82D4DCA01787CDB8004780C3 /* Frameworks */,
				82D4DC9F1787CDB8004780C3 /* Products */,
			);
			sourceTree = "<group>";
		};
		82D4DC9F1787CDB8004780C3 /* Products */ = {
			isa = PBXGroup;
			children = (
				82D4DC9E1787CDB8004780C3 /* MultiPeerTest.app */,
				82D4DCBF1787CDB9004780C3 /* MultiPeerTestTests.xctest */,
			);
			name = Products;
			sourceTree = "<group>";
		};
		82D4DCA01787CDB8004780C3 /* Frameworks */ = {
			isa = PBXGroup;
			children = (
				DB5550931796224800EDB12A /* MultipeerConnectivity.framework */,
				82D4DCA11787CDB8004780C3 /* Foundation.framework */,
				82D4DCA31787CDB8004780C3 /* CoreGraphics.framework */,
				82D4DCA51787CDB8004780C3 /* UIKit.framework */,
				82D4DCC01787CDB9004780C3 /* XCTest.framework */,
			);
			name = Frameworks;
			sourceTree = "<group>";
		};
		82D4DCA71787CDB8004780C3 /* MultiPeerTest */ = {
			isa = PBXGroup;
			children = (
				821513F8178D13BC005850CE /* iPad */,
				82D4DCB01787CDB9004780C3 /* DJAppDelegate.h */,
				82D4DCB11787CDB9004780C3 /* DJAppDelegate.m */,
				82D4DCB31787CDB9004780C3 /* Main.storyboard */,
				82D4DCB61787CDB9004780C3 /* DJViewController.h */,
				82D4DCB71787CDB9004780C3 /* DJViewController.m */,
				82D4DCB91787CDB9004780C3 /* Images.xcassets */,
				82D4DCD61787D041004780C3 /* MCNearbyHelper.h */,
				82D4DCD71787D041004780C3 /* MCNearbyHelper.m */,
				82D4DCA81787CDB8004780C3 /* Supporting Files */,
			);
			path = MultiPeerTest;
			sourceTree = "<group>";
		};
		82D4DCA81787CDB8004780C3 /* Supporting Files */ = {
			isa = PBXGroup;
			children = (
				82D4DCA91787CDB8004780C3 /* MultiPeerTest-Info.plist */,
				82D4DCAA1787CDB8004780C3 /* InfoPlist.strings */,
				82D4DCAD1787CDB8004780C3 /* main.m */,
				82D4DCAF1787CDB8004780C3 /* MultiPeerTest-Prefix.pch */,
			);
			name = "Supporting Files";
			sourceTree = "<group>";
		};
		82D4DCC61787CDB9004780C3 /* MultiPeerTestTests */ = {
			isa = PBXGroup;
			children = (
				82D4DCCC1787CDB9004780C3 /* MultiPeerTestTests.m */,
				82D4DCC71787CDB9004780C3 /* Supporting Files */,
			);
			path = MultiPeerTestTests;
			sourceTree = "<group>";
		};
		82D4DCC71787CDB9004780C3 /* Supporting Files */ = {
			isa = PBXGroup;
			children = (
				82D4DCC81787CDB9004780C3 /* MultiPeerTestTests-Info.plist */,
				82D4DCC91787CDB9004780C3 /* InfoPlist.strings */,
			);
			name = "Supporting Files";
			sourceTree = "<group>";
		};
/* End PBXGroup section */

/* Begin PBXNativeTarget section */
		82D4DC9D1787CDB8004780C3 /* MultiPeerTest */ = {
			isa = PBXNativeTarget;
			buildConfigurationList = 82D4DCD01787CDB9004780C3 /* Build configuration list for PBXNativeTarget "MultiPeerTest" */;
			buildPhases = (
				82D4DC9A1787CDB8004780C3 /* Sources */,
				82D4DC9B1787CDB8004780C3 /* Frameworks */,
				82D4DC9C1787CDB8004780C3 /* Resources */,
			);
			buildRules = (
			);
			dependencies = (
			);
			name = MultiPeerTest;
			productName = MultiPeerTest;
			productReference = 82D4DC9E1787CDB8004780C3 /* MultiPeerTest.app */;
			productType = "com.apple.product-type.application";
		};
		82D4DCBE1787CDB9004780C3 /* MultiPeerTestTests */ = {
			isa = PBXNativeTarget;
			buildConfigurationList = 82D4DCD31787CDB9004780C3 /* Build configuration list for PBXNativeTarget "MultiPeerTestTests" */;
			buildPhases = (
				82D4DCBB1787CDB9004780C3 /* Sources */,
				82D4DCBC1787CDB9004780C3 /* Frameworks */,
				82D4DCBD1787CDB9004780C3 /* Resources */,
			);
			buildRules = (
			);
			dependencies = (
				82D4DCC51787CDB9004780C3 /* PBXTargetDependency */,
			);
			name = MultiPeerTestTests;
			productName = MultiPeerTestTests;
			productReference = 82D4DCBF1787CDB9004780C3 /* MultiPeerTestTests.xctest */;
			productType = "com.apple.product-type.bundle.unit-test";
		};
/* End PBXNativeTarget section */

/* Begin PBXProject section */
		82D4DC961787CDB8004780C3 /* Project object */ = {
			isa = PBXProject;
			attributes = {
				CLASSPREFIX = DJ;
				LastUpgradeCheck = 0500;
				ORGANIZATIONNAME = DJMobileInc;
				TargetAttributes = {
					82D4DCBE1787CDB9004780C3 = {
						TestTargetID = 82D4DC9D1787CDB8004780C3;
					};
				};
			};
			buildConfigurationList = 82D4DC991787CDB8004780C3 /* Build configuration list for PBXProject "MultiPeerTest" */;
			compatibilityVersion = "Xcode 3.2";
			developmentRegion = English;
			hasScannedForEncodings = 0;
			knownRegions = (
				en,
				Base,
			);
			mainGroup = 82D4DC951787CDB8004780C3;
			productRefGroup = 82D4DC9F1787CDB8004780C3 /* Products */;
			projectDirPath = "";
			projectRoot = "";
			targets = (
				82D4DC9D1787CDB8004780C3 /* MultiPeerTest */,
				82D4DCBE1787CDB9004780C3 /* MultiPeerTestTests */,
			);
		};
/* End PBXProject section */

/* Begin PBXResourcesBuildPhase section */
		82D4DC9C1787CDB8004780C3 /* Resources */ = {
			isa = PBXResourcesBuildPhase;
			buildActionMask = 2147483647;
			files = (
				82D4DCBA1787CDB9004780C3 /* Images.xcassets in Resources */,
				82D4DCAC1787CDB8004780C3 /* InfoPlist.strings in Resources */,
				82D4DCB51787CDB9004780C3 /* Main.storyboard in Resources */,
			);
			runOnlyForDeploymentPostprocessing = 0;
		};
		82D4DCBD1787CDB9004780C3 /* Resources */ = {
			isa = PBXResourcesBuildPhase;
			buildActionMask = 2147483647;
			files = (
				82D4DCCB1787CDB9004780C3 /* InfoPlist.strings in Resources */,
			);
			runOnlyForDeploymentPostprocessing = 0;
		};
/* End PBXResourcesBuildPhase section */

/* Begin PBXSourcesBuildPhase section */
		82D4DC9A1787CDB8004780C3 /* Sources */ = {
			isa = PBXSourcesBuildPhase;
			buildActionMask = 2147483647;
			files = (
				82D4DCD81787D044004780C3 /* MCNearbyHelper.m in Sources */,
				82D4DCB21787CDB9004780C3 /* DJAppDelegate.m in Sources */,
				82D4DCB81787CDB9004780C3 /* DJViewController.m in Sources */,
				82D4DCAE1787CDB8004780C3 /* main.m in Sources */,
			);
			runOnlyForDeploymentPostprocessing = 0;
		};
		82D4DCBB1787CDB9004780C3 /* Sources */ = {
			isa = PBXSourcesBuildPhase;
			buildActionMask = 2147483647;
			files = (
				82D4DCCD1787CDB9004780C3 /* MultiPeerTestTests.m in Sources */,
			);
			runOnlyForDeploymentPostprocessing = 0;
		};
/* End PBXSourcesBuildPhase section */

/* Begin PBXTargetDependency section */
		82D4DCC51787CDB9004780C3 /* PBXTargetDependency */ = {
			isa = PBXTargetDependency;
			target = 82D4DC9D1787CDB8004780C3 /* MultiPeerTest */;
			targetProxy = 82D4DCC41787CDB9004780C3 /* PBXContainerItemProxy */;
		};
/* End PBXTargetDependency section */

/* Begin PBXVariantGroup section */
		82D4DCAA1787CDB8004780C3 /* InfoPlist.strings */ = {
			isa = PBXVariantGroup;
			children = (
				82D4DCAB1787CDB8004780C3 /* en */,
			);
			name = InfoPlist.strings;
			sourceTree = "<group>";
		};
		82D4DCB31787CDB9004780C3 /* Main.storyboard */ = {
			isa = PBXVariantGroup;
			children = (
				82D4DCB41787CDB9004780C3 /* Base */,
			);
			name = Main.storyboard;
			sourceTree = "<group>";
		};
		82D4DCC91787CDB9004780C3 /* InfoPlist.strings */ = {
			isa = PBXVariantGroup;
			children = (
				82D4DCCA1787CDB9004780C3 /* en */,
			);
			name = InfoPlist.strings;
			sourceTree = "<group>";
		};
/* End PBXVariantGroup section */

/* Begin XCBuildConfiguration section */
		82D4DCCE1787CDB9004780C3 /* Debug */ = {
			isa = XCBuildConfiguration;
			buildSettings = {
				ALWAYS_SEARCH_USER_PATHS = NO;
				CLANG_CXX_LANGUAGE_STANDARD = "gnu++0x";
				CLANG_CXX_LIBRARY = "libc++";
				CLANG_ENABLE_MODULES = YES;
				CLANG_ENABLE_OBJC_ARC = YES;
				CLANG_WARN_BOOL_CONVERSION = YES;
				CLANG_WARN_CONSTANT_CONVERSION = YES;
				CLANG_WARN_DIRECT_OBJC_ISA_USAGE = YES_ERROR;
				CLANG_WARN_EMPTY_BODY = YES;
				CLANG_WARN_ENUM_CONVERSION = YES;
				CLANG_WARN_INT_CONVERSION = YES;
				CLANG_WARN_OBJC_ROOT_CLASS = YES_ERROR;
				CLANG_WARN__DUPLICATE_METHOD_MATCH = YES;
				"CODE_SIGN_IDENTITY[sdk=iphoneos*]" = "iPhone Developer";
				COPY_PHASE_STRIP = NO;
				GCC_C_LANGUAGE_STANDARD = gnu99;
				GCC_DYNAMIC_NO_PIC = NO;
				GCC_OPTIMIZATION_LEVEL = 0;
				GCC_PREPROCESSOR_DEFINITIONS = (
					"DEBUG=1",
					"$(inherited)",
				);
				GCC_SYMBOLS_PRIVATE_EXTERN = NO;
				GCC_WARN_ABOUT_RETURN_TYPE = YES_ERROR;
				GCC_WARN_UNDECLARED_SELECTOR = YES;
				GCC_WARN_UNINITIALIZED_AUTOS = YES;
				GCC_WARN_UNUSED_FUNCTION = YES;
				GCC_WARN_UNUSED_VARIABLE = YES;
				IPHONEOS_DEPLOYMENT_TARGET = 7.0;
				ONLY_ACTIVE_ARCH = YES;
				SDKROOT = iphoneos;
			};
			name = Debug;
		};
		82D4DCCF1787CDB9004780C3 /* Release */ = {
			isa = XCBuildConfiguration;
			buildSettings = {
				ALWAYS_SEARCH_USER_PATHS = NO;
				CLANG_CXX_LANGUAGE_STANDARD = "gnu++0x";
				CLANG_CXX_LIBRARY = "libc++";
				CLANG_ENABLE_MODULES = YES;
				CLANG_ENABLE_OBJC_ARC = YES;
				CLANG_WARN_BOOL_CONVERSION = YES;
				CLANG_WARN_CONSTANT_CONVERSION = YES;
				CLANG_WARN_DIRECT_OBJC_ISA_USAGE = YES_ERROR;
				CLANG_WARN_EMPTY_BODY = YES;
				CLANG_WARN_ENUM_CONVERSION = YES;
				CLANG_WARN_INT_CONVERSION = YES;
				CLANG_WARN_OBJC_ROOT_CLASS = YES_ERROR;
				CLANG_WARN__DUPLICATE_METHOD_MATCH = YES;
				"CODE_SIGN_IDENTITY[sdk=iphoneos*]" = "iPhone Developer";
				COPY_PHASE_STRIP = YES;
				ENABLE_NS_ASSERTIONS = NO;
				GCC_C_LANGUAGE_STANDARD = gnu99;
				GCC_WARN_ABOUT_RETURN_TYPE = YES_ERROR;
				GCC_WARN_UNDECLARED_SELECTOR = YES;
				GCC_WARN_UNINITIALIZED_AUTOS = YES;
				GCC_WARN_UNUSED_FUNCTION = YES;
				GCC_WARN_UNUSED_VARIABLE = YES;
				IPHONEOS_DEPLOYMENT_TARGET = 7.0;
				SDKROOT = iphoneos;
				VALIDATE_PRODUCT = YES;
			};
			name = Release;
		};
		82D4DCD11787CDB9004780C3 /* Debug */ = {
			isa = XCBuildConfiguration;
			buildSettings = {
				ASSETCATALOG_COMPILER_APPICON_NAME = AppIcon;
				ASSETCATALOG_COMPILER_LAUNCHIMAGE_NAME = LaunchImage;
				GCC_PRECOMPILE_PREFIX_HEADER = YES;
				GCC_PREFIX_HEADER = "MultiPeerTest/MultiPeerTest-Prefix.pch";
				INFOPLIST_FILE = "MultiPeerTest/MultiPeerTest-Info.plist";
				IPHONEOS_DEPLOYMENT_TARGET = 7.0;
				PRODUCT_NAME = "$(TARGET_NAME)";
				TARGETED_DEVICE_FAMILY = "1,2";
				WRAPPER_EXTENSION = app;
			};
			name = Debug;
		};
		82D4DCD21787CDB9004780C3 /* Release */ = {
			isa = XCBuildConfiguration;
			buildSettings = {
				ASSETCATALOG_COMPILER_APPICON_NAME = AppIcon;
				ASSETCATALOG_COMPILER_LAUNCHIMAGE_NAME = LaunchImage;
				GCC_PRECOMPILE_PREFIX_HEADER = YES;
				GCC_PREFIX_HEADER = "MultiPeerTest/MultiPeerTest-Prefix.pch";
				INFOPLIST_FILE = "MultiPeerTest/MultiPeerTest-Info.plist";
				IPHONEOS_DEPLOYMENT_TARGET = 7.0;
				PRODUCT_NAME = "$(TARGET_NAME)";
				TARGETED_DEVICE_FAMILY = "1,2";
				WRAPPER_EXTENSION = app;
			};
			name = Release;
		};
		82D4DCD41787CDB9004780C3 /* Debug */ = {
			isa = XCBuildConfiguration;
			buildSettings = {
				BUNDLE_LOADER = "$(BUILT_PRODUCTS_DIR)/MultiPeerTest.app/MultiPeerTest";
				FRAMEWORK_SEARCH_PATHS = (
					"$(SDKROOT)/Developer/Library/Frameworks",
					"$(inherited)",
					"$(SYSTEM_APPS_DIR)/Xcode5-DP.app/Contents/Developer/Library/Frameworks",
				);
				GCC_PRECOMPILE_PREFIX_HEADER = YES;
				GCC_PREFIX_HEADER = "MultiPeerTest/MultiPeerTest-Prefix.pch";
				GCC_PREPROCESSOR_DEFINITIONS = (
					"DEBUG=1",
					"$(inherited)",
				);
				INFOPLIST_FILE = "MultiPeerTestTests/MultiPeerTestTests-Info.plist";
				PRODUCT_NAME = "$(TARGET_NAME)";
				TEST_HOST = "$(BUNDLE_LOADER)";
				WRAPPER_EXTENSION = xctest;
			};
			name = Debug;
		};
		82D4DCD51787CDB9004780C3 /* Release */ = {
			isa = XCBuildConfiguration;
			buildSettings = {
				BUNDLE_LOADER = "$(BUILT_PRODUCTS_DIR)/MultiPeerTest.app/MultiPeerTest";
				FRAMEWORK_SEARCH_PATHS = (
					"$(SDKROOT)/Developer/Library/Frameworks",
					"$(inherited)",
					"$(SYSTEM_APPS_DIR)/Xcode5-DP.app/Contents/Developer/Library/Frameworks",
				);
				GCC_PRECOMPILE_PREFIX_HEADER = YES;
				GCC_PREFIX_HEADER = "MultiPeerTest/MultiPeerTest-Prefix.pch";
				INFOPLIST_FILE = "MultiPeerTestTests/MultiPeerTestTests-Info.plist";
				PRODUCT_NAME = "$(TARGET_NAME)";
				TEST_HOST = "$(BUNDLE_LOADER)";
				WRAPPER_EXTENSION = xctest;
			};
			name = Release;
		};
/* End XCBuildConfiguration section */

/* Begin XCConfigurationList section */
		82D4DC991787CDB8004780C3 /* Build configuration list for PBXProject "MultiPeerTest" */ = {
			isa = XCConfigurationList;
			buildConfigurations = (
				82D4DCCE1787CDB9004780C3 /* Debug */,
				82D4DCCF1787CDB9004780C3 /* Release */,
			);
			defaultConfigurationIsVisible = 0;
			defaultConfigurationName = Release;
		};
		82D4DCD01787CDB9004780C3 /* Build configuration list for PBXNativeTarget "MultiPeerTest" */ = {
			isa = XCConfigurationList;
			buildConfigurations = (
				82D4DCD11787CDB9004780C3 /* Debug */,
				82D4DCD21787CDB9004780C3 /* Release */,
			);
			defaultConfigurationIsVisible = 0;
			defaultConfigurationName = Release;
		};
		82D4DCD31787CDB9004780C3 /* Build configuration list for PBXNativeTarget "MultiPeerTestTests" */ = {
			isa = XCConfigurationList;
			buildConfigurations = (
				82D4DCD41787CDB9004780C3 /* Debug */,
				82D4DCD51787CDB9004780C3 /* Release */,
			);
			defaultConfigurationIsVisible = 0;
			defaultConfigurationName = Release;
		};
/* End XCConfigurationList section */
	};
	rootObject = 82D4DC961787CDB8004780C3 /* Project object */;
}
